{
  "name": "translation-keys-table-example",
  "version": "0.0.1",
  "lockfileVersion": 2,
  "requires": true,
  "packages": {
    "": {
      "name": "translation-keys-table-example",
      "version": "0.0.1",
      "dependencies": {
        "i18next": "^21.9.1",
        "typescript": "^4.8.3"
      },
      "devDependencies": {
        "translation-keys-table": "file:./../../translation-keys-table"
      },
      "engines": {
        "node": ">=14.16.0",
        "npm": ">=8.1.0"
      }
    },
    "..": {
      "version": "0.0.1",
      "dev": true,
      "license": "MIT",
      "dependencies": {
        "cross-spawn": "^7.0.3",
        "flat": "^5.0.2",
        "gapi": "^0.0.3"
      },
      "bin": {
        "translation-keys": "dist/bin/index.cjs"
      },
      "devDependencies": {
        "@rollup/plugin-commonjs": "^22.0.2",
        "@rollup/plugin-json": "^4.1.0",
        "@rollup/plugin-typescript": "^8.5.0",
        "@types/cross-spawn": "^6.0.2",
        "@types/flat": "^5.0.2",
        "@types/gapi": "^0.0.42",
        "rollup": "^2.79.1",
        "rollup-plugin-bin": "^1.0.0",
        "rollup-plugin-terser": "^7.0.2",
        "tslib": "^2.4.0",
        "typescript": "^4.8.3"
      },
      "engines": {
        "node": ">=14.16.0",
        "npm": ">=8.1.0"
      }
    },
    "node_modules/@babel/runtime": {
      "version": "7.19.0",
      "resolved": "https://registry.npmjs.org/@babel/runtime/-/runtime-7.19.0.tgz",
      "integrity": "sha512-eR8Lo9hnDS7tqkO7NsV+mKvCmv5boaXFSZ70DnfhcgiEne8hv9oCEd36Klw74EtizEqLsy4YnW8UWwpBVolHZA==",
      "dependencies": {
        "regenerator-runtime": "^0.13.4"
      },
      "engines": {
        "node": ">=6.9.0"
      }
    },
    "node_modules/i18next": {
      "version": "21.9.2",
      "resolved": "https://registry.npmjs.org/i18next/-/i18next-21.9.2.tgz",
      "integrity": "sha512-00fVrLQOwy45nm3OtC9l1WiLK3nJlIYSljgCt0qzTaAy65aciMdRy9GsuW+a2AtKtdg9/njUGfRH30LRupV7ZQ==",
      "funding": [
        {
          "type": "individual",
          "url": "https://locize.com"
        },
        {
          "type": "individual",
          "url": "https://locize.com/i18next.html"
        },
        {
          "type": "individual",
          "url": "https://www.i18next.com/how-to/faq#i18next-is-awesome.-how-can-i-support-the-project"
        }
      ],
      "dependencies": {
        "@babel/runtime": "^7.17.2"
      }
    },
    "node_modules/regenerator-runtime": {
      "version": "0.13.9",
      "resolved": "https://registry.npmjs.org/regenerator-runtime/-/regenerator-runtime-0.13.9.tgz",
      "integrity": "sha512-p3VT+cOEgxFsRRA9X4lkI1E+k2/CtnKtU4gcxyaCUreilL/vqI6CdZ3wxVUx3UOUg+gnUOQQcRI7BmSI656MYA=="
    },
    "node_modules/translation-keys-table": {
      "resolved": "..",
      "link": true
    },
    "node_modules/typescript": {
      "version": "4.8.3",
      "resolved": "https://registry.npmjs.org/typescript/-/typescript-4.8.3.tgz",
      "integrity": "sha512-goMHfm00nWPa8UvR/CPSvykqf6dVV8x/dp0c5mFTMTIu0u0FlGWRioyy7Nn0PGAdHxpJZnuO/ut+PpQ8UiHAig==",
      "bin": {
        "tsc": "bin/tsc",
        "tsserver": "bin/tsserver"
      },
      "engines": {
        "node": ">=4.2.0"
      }
    }
  },
  "dependencies": {
    "@babel/runtime": {
      "version": "7.19.0",
      "resolved": "https://registry.npmjs.org/@babel/runtime/-/runtime-7.19.0.tgz",
      "integrity": "sha512-eR8Lo9hnDS7tqkO7NsV+mKvCmv5boaXFSZ70DnfhcgiEne8hv9oCEd36Klw74EtizEqLsy4YnW8UWwpBVolHZA==",
      "requires": {
        "regenerator-runtime": "^0.13.4"
      }
    },
    "i18next": {
      "version": "21.9.2",
      "resolved": "https://registry.npmjs.org/i18next/-/i18next-21.9.2.tgz",
      "integrity": "sha512-00fVrLQOwy45nm3OtC9l1WiLK3nJlIYSljgCt0qzTaAy65aciMdRy9GsuW+a2AtKtdg9/njUGfRH30LRupV7ZQ==",
      "requires": {
        "@babel/runtime": "^7.17.2"
      }
    },
    "regenerator-runtime": {
      "version": "0.13.9",
      "resolved": "https://registry.npmjs.org/regenerator-runtime/-/regenerator-runtime-0.13.9.tgz",
      "integrity": "sha512-p3VT+cOEgxFsRRA9X4lkI1E+k2/CtnKtU4gcxyaCUreilL/vqI6CdZ3wxVUx3UOUg+gnUOQQcRI7BmSI656MYA=="
    },
    "translation-keys-table": {
      "version": "file:..",
      "requires": {
        "@rollup/plugin-commonjs": "^22.0.2",
        "@rollup/plugin-json": "^4.1.0",
        "@rollup/plugin-typescript": "^8.5.0",
        "@types/cross-spawn": "^6.0.2",
        "@types/flat": "^5.0.2",
        "@types/gapi": "^0.0.42",
        "cross-spawn": "^7.0.3",
        "flat": "^5.0.2",
        "gapi": "^0.0.3",
        "rollup": "^2.79.1",
        "rollup-plugin-bin": "^1.0.0",
        "rollup-plugin-terser": "^7.0.2",
        "tslib": "^2.4.0",
        "typescript": "^4.8.3"
      }
    },
    "typescript": {
      "version": "4.8.3",
      "resolved": "https://registry.npmjs.org/typescript/-/typescript-4.8.3.tgz",
      "integrity": "sha512-goMHfm00nWPa8UvR/CPSvykqf6dVV8x/dp0c5mFTMTIu0u0FlGWRioyy7Nn0PGAdHxpJZnuO/ut+PpQ8UiHAig=="
    }
  }
}
